
Microsoft Visual Studio Solution File, Format Version 12.00
# Visual Studio Version 17
VisualStudioVersion = 17.12.35707.178 d17.12
MinimumVisualStudioVersion = 10.0.40219.1
Project("{8BC9CEB8-8B4A-11D0-8D11-00A0C91BC942}") = "Class Activity 1 Github", "Class Activity 1 Github\Class Activity 1 Github.vcxproj", "{FE0709BF-F4D6-4E1A-9A4B-CC2E964853D9}"
EndProject
Global
	GlobalSection(SolutionConfigurationPlatforms) = preSolution
		Debug|x64 = Debug|x64
		Debug|x86 = Debug|x86
		Release|x64 = Release|x64
		Release|x86 = Release|x86
	EndGlobalSection
	GlobalSection(ProjectConfigurationPlatforms) = postSolution
		{FE0709BF-F4D6-4E1A-9A4B-CC2E964853D9}.Debug|x64.ActiveCfg = Debug|x64
		{FE0709BF-F4D6-4E1A-9A4B-CC2E964853D9}.Debug|x64.Build.0 = Debug|x64
		{FE0709BF-F4D6-4E1A-9A4B-CC2E964853D9}.Debug|x86.ActiveCfg = Debug|Win32
		{FE0709BF-F4D6-4E1A-9A4B-CC2E964853D9}.Debug|x86.Build.0 = Debug|Win32
		{FE0709BF-F4D6-4E1A-9A4B-CC2E964853D9}.Release|x64.ActiveCfg = Release|x64
		{FE0709BF-F4D6-4E1A-9A4B-CC2E964853D9}.Release|x64.Build.0 = Release|x64
		{FE0709BF-F4D6-4E1A-9A4B-CC2E964853D9}.Release|x86.ActiveCfg = Release|Win32
		{FE0709BF-F4D6-4E1A-9A4B-CC2E964853D9}.Release|x86.Build.0 = Release|Win32
	EndGlobalSection
	GlobalSection(SolutionProperties) = preSolution
		HideSolutionNode = FALSE
	EndGlobalSection
EndGlobal
